
Microsoft Visual Studio Solution File, Format Version 12.00
# Visual Studio Version 16
VisualStudioVersion = 16.0.29728.190
MinimumVisualStudioVersion = 10.0.40219.1
Project("{FAE04EC0-301F-11D3-BF4B-00C04F79EFBC}") = "e-commerceMVC", "e-commerceMVC\e-commerceMVC.csproj", "{CE6CCD50-4D11-4FF9-B27C-2A1EEF951501}"
EndProject
Global
	GlobalSection(SolutionConfigurationPlatforms) = preSolution
		Debug|Any CPU = Debug|Any CPU
		Release|Any CPU = Release|Any CPU
	EndGlobalSection
	GlobalSection(ProjectConfigurationPlatforms) = postSolution
		{CE6CCD50-4D11-4FF9-B27C-2A1EEF951501}.Debug|Any CPU.ActiveCfg = Debug|Any CPU
		{CE6CCD50-4D11-4FF9-B27C-2A1EEF951501}.Debug|Any CPU.Build.0 = Debug|Any CPU
		{CE6CCD50-4D11-4FF9-B27C-2A1EEF951501}.Release|Any CPU.ActiveCfg = Release|Any CPU
		{CE6CCD50-4D11-4FF9-B27C-2A1EEF951501}.Release|Any CPU.Build.0 = Release|Any CPU
	EndGlobalSection
	GlobalSection(SolutionProperties) = preSolution
		HideSolutionNode = FALSE
	EndGlobalSection
	GlobalSection(ExtensibilityGlobals) = postSolution
		SolutionGuid = {FCFEB3CC-7FC6-4E1B-9C92-B3748B7FA2CD}
	EndGlobalSection
EndGlobal
